
Microsoft Visual Studio Solution File, Format Version 12.00
# Visual Studio 15
VisualStudioVersion = 15.0.27428.2043
MinimumVisualStudioVersion = 10.0.40219.1
Project("{E24C65DC-7377-472B-9ABA-BC803B73C61A}") = "crmportalashx", "crmportalashx\", "{FDE5429A-5FE4-4868-9ECB-2E92D0DF8727}"
	ProjectSection(WebsiteProperties) = preProject
		TargetFrameworkMoniker = ".NETFramework,Version%3Dv4.5"
		Debug.AspNetCompiler.VirtualPath = "/localhost_49793"
		Debug.AspNetCompiler.PhysicalPath = "crmportalashx\"
		Debug.AspNetCompiler.TargetPath = "PrecompiledWeb\localhost_49793\"
		Debug.AspNetCompiler.Updateable = "true"
		Debug.AspNetCompiler.ForceOverwrite = "true"
		Debug.AspNetCompiler.FixedNames = "false"
		Debug.AspNetCompiler.Debug = "True"
		Release.AspNetCompiler.VirtualPath = "/localhost_49793"
		Release.AspNetCompiler.PhysicalPath = "crmportalashx\"
		Release.AspNetCompiler.TargetPath = "PrecompiledWeb\localhost_49793\"
		Release.AspNetCompiler.Updateable = "true"
		Release.AspNetCompiler.ForceOverwrite = "true"
		Release.AspNetCompiler.FixedNames = "false"
		Release.AspNetCompiler.Debug = "False"
		VWDPort = "49793"
		SlnRelativePath = "crmportalashx\"
		DefaultWebSiteLanguage = "Visual C#"
	EndProjectSection
EndProject
Global
	GlobalSection(SolutionConfigurationPlatforms) = preSolution
		Debug|Any CPU = Debug|Any CPU
	EndGlobalSection
	GlobalSection(ProjectConfigurationPlatforms) = postSolution
		{FDE5429A-5FE4-4868-9ECB-2E92D0DF8727}.Debug|Any CPU.ActiveCfg = Debug|Any CPU
		{FDE5429A-5FE4-4868-9ECB-2E92D0DF8727}.Debug|Any CPU.Build.0 = Debug|Any CPU
	EndGlobalSection
	GlobalSection(SolutionProperties) = preSolution
		HideSolutionNode = FALSE
	EndGlobalSection
	GlobalSection(ExtensibilityGlobals) = postSolution
		SolutionGuid = {E69567AF-1CFE-4A6E-A6EC-1F32481F2932}
	EndGlobalSection
EndGlobal
